// !$*UTF8*$!
{
	archiveVersion = 1;
	classes = {
	};
	objectVersion = 55;
	objects = {

/* Begin PBXBuildFile section */
		EC0760A52AE233A5004B8CEE /* Models.swift in Sources */ = {isa = PBXBuildFile; fileRef = EC0760A42AE233A5004B8CEE /* Models.swift */; };
		EC0D7A102AE66E7E008A129C /* UserFollowTableViewCell.swift in Sources */ = {isa = PBXBuildFile; fileRef = EC0D7A0F2AE66E7E008A129C /* UserFollowTableViewCell.swift */; };
		EC0D7A142AE8CF92008A129C /* NoNotificationView.swift in Sources */ = {isa = PBXBuildFile; fileRef = EC0D7A132AE8CF92008A129C /* NoNotificationView.swift */; };
		EC0D7A172AE92F05008A129C /* NotificatonFollowEventTableViewCell.swift in Sources */ = {isa = PBXBuildFile; fileRef = EC0D7A162AE92F05008A129C /* NotificatonFollowEventTableViewCell.swift */; };
		EC0D7A192AE92F1A008A129C /* NotificatonLikeEventTableViewCell.swift in Sources */ = {isa = PBXBuildFile; fileRef = EC0D7A182AE92F1A008A129C /* NotificatonLikeEventTableViewCell.swift */; };
		EC762FB52AD647DF00A54ECF /* Extensions.swift in Sources */ = {isa = PBXBuildFile; fileRef = EC762FB42AD647DF00A54ECF /* Extensions.swift */; };
		EC772F062AD4EA2200BB5F76 /* AppDelegate.swift in Sources */ = {isa = PBXBuildFile; fileRef = EC772F052AD4EA2200BB5F76 /* AppDelegate.swift */; };
		EC772F082AD4EA2200BB5F76 /* SceneDelegate.swift in Sources */ = {isa = PBXBuildFile; fileRef = EC772F072AD4EA2200BB5F76 /* SceneDelegate.swift */; };
		EC772F0A2AD4EA2200BB5F76 /* HomeViewController.swift in Sources */ = {isa = PBXBuildFile; fileRef = EC772F092AD4EA2200BB5F76 /* HomeViewController.swift */; };
		EC772F0D2AD4EA2200BB5F76 /* Main.storyboard in Resources */ = {isa = PBXBuildFile; fileRef = EC772F0B2AD4EA2200BB5F76 /* Main.storyboard */; };
		EC772F102AD4EA2200BB5F76 /* Social_Network_App.xcdatamodeld in Sources */ = {isa = PBXBuildFile; fileRef = EC772F0E2AD4EA2200BB5F76 /* Social_Network_App.xcdatamodeld */; };
		EC772F122AD4EA2300BB5F76 /* Assets.xcassets in Resources */ = {isa = PBXBuildFile; fileRef = EC772F112AD4EA2300BB5F76 /* Assets.xcassets */; };
		EC772F152AD4EA2300BB5F76 /* LaunchScreen.storyboard in Resources */ = {isa = PBXBuildFile; fileRef = EC772F132AD4EA2300BB5F76 /* LaunchScreen.storyboard */; };
		EC772F232AD4EB8700BB5F76 /* ExploreViewController.swift in Sources */ = {isa = PBXBuildFile; fileRef = EC772F222AD4EB8700BB5F76 /* ExploreViewController.swift */; };
		EC772F252AD4EBA000BB5F76 /* CameraViewController.swift in Sources */ = {isa = PBXBuildFile; fileRef = EC772F242AD4EBA000BB5F76 /* CameraViewController.swift */; };
		EC772F272AD4EBC600BB5F76 /* NotificationViewController.swift in Sources */ = {isa = PBXBuildFile; fileRef = EC772F262AD4EBC600BB5F76 /* NotificationViewController.swift */; };
		EC772F292AD4EBD400BB5F76 /* ProfileViewController.swift in Sources */ = {isa = PBXBuildFile; fileRef = EC772F282AD4EBD400BB5F76 /* ProfileViewController.swift */; };
		EC772F2F2AD4EE1900BB5F76 /* RegistrationViewController.swift in Sources */ = {isa = PBXBuildFile; fileRef = EC772F2E2AD4EE1900BB5F76 /* RegistrationViewController.swift */; };
		EC772F312AD4EE2500BB5F76 /* LoginViewController.swift in Sources */ = {isa = PBXBuildFile; fileRef = EC772F302AD4EE2500BB5F76 /* LoginViewController.swift */; };
		EC772F342AD4EE5E00BB5F76 /* PostViewController.swift in Sources */ = {isa = PBXBuildFile; fileRef = EC772F332AD4EE5E00BB5F76 /* PostViewController.swift */; };
		EC772F362AD4EE8C00BB5F76 /* EditProfileViewController.swift in Sources */ = {isa = PBXBuildFile; fileRef = EC772F352AD4EE8C00BB5F76 /* EditProfileViewController.swift */; };
		EC772F382AD4EE9900BB5F76 /* SettingViewController.swift in Sources */ = {isa = PBXBuildFile; fileRef = EC772F372AD4EE9900BB5F76 /* SettingViewController.swift */; };
		EC772F3A2AD4EEA300BB5F76 /* ListViewController.swift in Sources */ = {isa = PBXBuildFile; fileRef = EC772F392AD4EEA300BB5F76 /* ListViewController.swift */; };
		EC772F3C2AD4EEB700BB5F76 /* SearchViewController.swift in Sources */ = {isa = PBXBuildFile; fileRef = EC772F3B2AD4EEB700BB5F76 /* SearchViewController.swift */; };
		EC772F3E2AD4EECF00BB5F76 /* SearchResultViewController.swift in Sources */ = {isa = PBXBuildFile; fileRef = EC772F3D2AD4EECF00BB5F76 /* SearchResultViewController.swift */; };
		EC772F402AD4EEFB00BB5F76 /* PostEditorViewController.swift in Sources */ = {isa = PBXBuildFile; fileRef = EC772F3F2AD4EEFB00BB5F76 /* PostEditorViewController.swift */; };
		EC772F422AD4EF1600BB5F76 /* PublishPostViewController.swift in Sources */ = {isa = PBXBuildFile; fileRef = EC772F412AD4EF1600BB5F76 /* PublishPostViewController.swift */; };
		EC81FAA32AE0DC440008D3E1 /* FromTableViewCell.swift in Sources */ = {isa = PBXBuildFile; fileRef = EC81FAA22AE0DC440008D3E1 /* FromTableViewCell.swift */; };
		EC864C102AE12D1900ED3D5B /* PhotoCollectionViewCell.swift in Sources */ = {isa = PBXBuildFile; fileRef = EC864C0F2AE12D1900ED3D5B /* PhotoCollectionViewCell.swift */; };
		EC864C122AE12D9200ED3D5B /* ProfileInfoHeaderCollectionReusableView.swift in Sources */ = {isa = PBXBuildFile; fileRef = EC864C112AE12D9200ED3D5B /* ProfileInfoHeaderCollectionReusableView.swift */; };
		EC864C142AE12DB500ED3D5B /* ProfileTabsCollectionReusableView.swift in Sources */ = {isa = PBXBuildFile; fileRef = EC864C132AE12DB500ED3D5B /* ProfileTabsCollectionReusableView.swift */; };
		EC8ADDD12AD501D200292060 /* DatabaseManager.swift in Sources */ = {isa = PBXBuildFile; fileRef = EC8ADDD02AD501D100292060 /* DatabaseManager.swift */; };
		EC8ADDD32AD5034D00292060 /* AuthManager.swift in Sources */ = {isa = PBXBuildFile; fileRef = EC8ADDD22AD5034D00292060 /* AuthManager.swift */; };
		EC8ADDD52AD503A000292060 /* StorageManager.swift in Sources */ = {isa = PBXBuildFile; fileRef = EC8ADDD42AD503A000292060 /* StorageManager.swift */; };
		ECB54F922AD4F8D6002947FA /* GoogleService-Info.plist in Resources */ = {isa = PBXBuildFile; fileRef = ECB54F912AD4F8D6002947FA /* GoogleService-Info.plist */; };
		ECEEAD182ADA94190045359D /* SNFeedPostTableViewCell.swift in Sources */ = {isa = PBXBuildFile; fileRef = ECEEAD172ADA94190045359D /* SNFeedPostTableViewCell.swift */; };
		ECEEAD1B2ADA99C00045359D /* SNFeedPostHeaderTableViewCell.swift in Sources */ = {isa = PBXBuildFile; fileRef = ECEEAD1A2ADA99C00045359D /* SNFeedPostHeaderTableViewCell.swift */; };
		ECEEAD1D2ADA9A0E0045359D /* SNFeedPostActionsTableViewCell.swift in Sources */ = {isa = PBXBuildFile; fileRef = ECEEAD1C2ADA9A0E0045359D /* SNFeedPostActionsTableViewCell.swift */; };
		ECEEAD1F2ADA9A220045359D /* SNFeedPostGeneralTableViewCell.swift in Sources */ = {isa = PBXBuildFile; fileRef = ECEEAD1E2ADA9A220045359D /* SNFeedPostGeneralTableViewCell.swift */; };
		EFC7438AAB4FDD4D56875EAD /* Pods_Social_Network_App.framework in Frameworks */ = {isa = PBXBuildFile; fileRef = 6B759B95C98AED46899E7E4F /* Pods_Social_Network_App.framework */; };
/* End PBXBuildFile section */

/* Begin PBXFileReference section */
		6B759B95C98AED46899E7E4F /* Pods_Social_Network_App.framework */ = {isa = PBXFileReference; explicitFileType = wrapper.framework; includeInIndex = 0; path = Pods_Social_Network_App.framework; sourceTree = BUILT_PRODUCTS_DIR; };
		B5B88271CF3882A6195C43E1 /* Pods-Social Network App.release.xcconfig */ = {isa = PBXFileReference; includeInIndex = 1; lastKnownFileType = text.xcconfig; name = "Pods-Social Network App.release.xcconfig"; path = "Target Support Files/Pods-Social Network App/Pods-Social Network App.release.xcconfig"; sourceTree = "<group>"; };
		CD399400D7D2E10181B61155 /* Pods-Social Network App.debug.xcconfig */ = {isa = PBXFileReference; includeInIndex = 1; lastKnownFileType = text.xcconfig; name = "Pods-Social Network App.debug.xcconfig"; path = "Target Support Files/Pods-Social Network App/Pods-Social Network App.debug.xcconfig"; sourceTree = "<group>"; };
		EC0760A42AE233A5004B8CEE /* Models.swift */ = {isa = PBXFileReference; lastKnownFileType = sourcecode.swift; path = Models.swift; sourceTree = "<group>"; };
		EC0D7A0F2AE66E7E008A129C /* UserFollowTableViewCell.swift */ = {isa = PBXFileReference; lastKnownFileType = sourcecode.swift; path = UserFollowTableViewCell.swift; sourceTree = "<group>"; };
		EC0D7A132AE8CF92008A129C /* NoNotificationView.swift */ = {isa = PBXFileReference; lastKnownFileType = sourcecode.swift; path = NoNotificationView.swift; sourceTree = "<group>"; };
		EC0D7A162AE92F05008A129C /* NotificatonFollowEventTableViewCell.swift */ = {isa = PBXFileReference; lastKnownFileType = sourcecode.swift; path = NotificatonFollowEventTableViewCell.swift; sourceTree = "<group>"; };
		EC0D7A182AE92F1A008A129C /* NotificatonLikeEventTableViewCell.swift */ = {isa = PBXFileReference; lastKnownFileType = sourcecode.swift; path = NotificatonLikeEventTableViewCell.swift; sourceTree = "<group>"; };
		EC762FB42AD647DF00A54ECF /* Extensions.swift */ = {isa = PBXFileReference; lastKnownFileType = sourcecode.swift; path = Extensions.swift; sourceTree = "<group>"; };
		EC772F022AD4EA2200BB5F76 /* Social Network App.app */ = {isa = PBXFileReference; explicitFileType = wrapper.application; includeInIndex = 0; path = "Social Network App.app"; sourceTree = BUILT_PRODUCTS_DIR; };
		EC772F052AD4EA2200BB5F76 /* AppDelegate.swift */ = {isa = PBXFileReference; lastKnownFileType = sourcecode.swift; path = AppDelegate.swift; sourceTree = "<group>"; };
		EC772F072AD4EA2200BB5F76 /* SceneDelegate.swift */ = {isa = PBXFileReference; lastKnownFileType = sourcecode.swift; path = SceneDelegate.swift; sourceTree = "<group>"; };
		EC772F092AD4EA2200BB5F76 /* HomeViewController.swift */ = {isa = PBXFileReference; lastKnownFileType = sourcecode.swift; path = HomeViewController.swift; sourceTree = "<group>"; };
		EC772F0C2AD4EA2200BB5F76 /* Base */ = {isa = PBXFileReference; lastKnownFileType = file.storyboard; name = Base; path = Base.lproj/Main.storyboard; sourceTree = "<group>"; };
		EC772F0F2AD4EA2200BB5F76 /* Social_Network_App.xcdatamodel */ = {isa = PBXFileReference; lastKnownFileType = wrapper.xcdatamodel; path = Social_Network_App.xcdatamodel; sourceTree = "<group>"; };
		EC772F112AD4EA2300BB5F76 /* Assets.xcassets */ = {isa = PBXFileReference; lastKnownFileType = folder.assetcatalog; path = Assets.xcassets; sourceTree = "<group>"; };
		EC772F142AD4EA2300BB5F76 /* Base */ = {isa = PBXFileReference; lastKnownFileType = file.storyboard; name = Base; path = Base.lproj/LaunchScreen.storyboard; sourceTree = "<group>"; };
		EC772F162AD4EA2300BB5F76 /* Info.plist */ = {isa = PBXFileReference; lastKnownFileType = text.plist.xml; path = Info.plist; sourceTree = "<group>"; };
		EC772F222AD4EB8700BB5F76 /* ExploreViewController.swift */ = {isa = PBXFileReference; lastKnownFileType = sourcecode.swift; path = ExploreViewController.swift; sourceTree = "<group>"; };
		EC772F242AD4EBA000BB5F76 /* CameraViewController.swift */ = {isa = PBXFileReference; lastKnownFileType = sourcecode.swift; path = CameraViewController.swift; sourceTree = "<group>"; };
		EC772F262AD4EBC600BB5F76 /* NotificationViewController.swift */ = {isa = PBXFileReference; lastKnownFileType = sourcecode.swift; path = NotificationViewController.swift; sourceTree = "<group>"; };
		EC772F282AD4EBD400BB5F76 /* ProfileViewController.swift */ = {isa = PBXFileReference; lastKnownFileType = sourcecode.swift; path = ProfileViewController.swift; sourceTree = "<group>"; };
		EC772F2E2AD4EE1900BB5F76 /* RegistrationViewController.swift */ = {isa = PBXFileReference; lastKnownFileType = sourcecode.swift; path = RegistrationViewController.swift; sourceTree = "<group>"; };
		EC772F302AD4EE2500BB5F76 /* LoginViewController.swift */ = {isa = PBXFileReference; lastKnownFileType = sourcecode.swift; path = LoginViewController.swift; sourceTree = "<group>"; };
		EC772F332AD4EE5E00BB5F76 /* PostViewController.swift */ = {isa = PBXFileReference; lastKnownFileType = sourcecode.swift; path = PostViewController.swift; sourceTree = "<group>"; };
		EC772F352AD4EE8C00BB5F76 /* EditProfileViewController.swift */ = {isa = PBXFileReference; lastKnownFileType = sourcecode.swift; path = EditProfileViewController.swift; sourceTree = "<group>"; };
		EC772F372AD4EE9900BB5F76 /* SettingViewController.swift */ = {isa = PBXFileReference; lastKnownFileType = sourcecode.swift; path = SettingViewController.swift; sourceTree = "<group>"; };
		EC772F392AD4EEA300BB5F76 /* ListViewController.swift */ = {isa = PBXFileReference; lastKnownFileType = sourcecode.swift; path = ListViewController.swift; sourceTree = "<group>"; };
		EC772F3B2AD4EEB700BB5F76 /* SearchViewController.swift */ = {isa = PBXFileReference; lastKnownFileType = sourcecode.swift; path = SearchViewController.swift; sourceTree = "<group>"; };
		EC772F3D2AD4EECF00BB5F76 /* SearchResultViewController.swift */ = {isa = PBXFileReference; lastKnownFileType = sourcecode.swift; path = SearchResultViewController.swift; sourceTree = "<group>"; };
		EC772F3F2AD4EEFB00BB5F76 /* PostEditorViewController.swift */ = {isa = PBXFileReference; lastKnownFileType = sourcecode.swift; path = PostEditorViewController.swift; sourceTree = "<group>"; };
		EC772F412AD4EF1600BB5F76 /* PublishPostViewController.swift */ = {isa = PBXFileReference; lastKnownFileType = sourcecode.swift; path = PublishPostViewController.swift; sourceTree = "<group>"; };
		EC81FAA22AE0DC440008D3E1 /* FromTableViewCell.swift */ = {isa = PBXFileReference; lastKnownFileType = sourcecode.swift; path = FromTableViewCell.swift; sourceTree = "<group>"; };
		EC864C0F2AE12D1900ED3D5B /* PhotoCollectionViewCell.swift */ = {isa = PBXFileReference; lastKnownFileType = sourcecode.swift; path = PhotoCollectionViewCell.swift; sourceTree = "<group>"; };
		EC864C112AE12D9200ED3D5B /* ProfileInfoHeaderCollectionReusableView.swift */ = {isa = PBXFileReference; lastKnownFileType = sourcecode.swift; path = ProfileInfoHeaderCollectionReusableView.swift; sourceTree = "<group>"; };
		EC864C132AE12DB500ED3D5B /* ProfileTabsCollectionReusableView.swift */ = {isa = PBXFileReference; lastKnownFileType = sourcecode.swift; path = ProfileTabsCollectionReusableView.swift; sourceTree = "<group>"; };
		EC8ADDD02AD501D100292060 /* DatabaseManager.swift */ = {isa = PBXFileReference; lastKnownFileType = sourcecode.swift; path = DatabaseManager.swift; sourceTree = "<group>"; };
		EC8ADDD22AD5034D00292060 /* AuthManager.swift */ = {isa = PBXFileReference; lastKnownFileType = sourcecode.swift; path = AuthManager.swift; sourceTree = "<group>"; };
		EC8ADDD42AD503A000292060 /* StorageManager.swift */ = {isa = PBXFileReference; lastKnownFileType = sourcecode.swift; path = StorageManager.swift; sourceTree = "<group>"; };
		ECB54F912AD4F8D6002947FA /* GoogleService-Info.plist */ = {isa = PBXFileReference; lastKnownFileType = text.plist.xml; name = "GoogleService-Info.plist"; path = "Social Network App/GoogleService-Info.plist"; sourceTree = SOURCE_ROOT; };
		ECEEAD172ADA94190045359D /* SNFeedPostTableViewCell.swift */ = {isa = PBXFileReference; lastKnownFileType = sourcecode.swift; path = SNFeedPostTableViewCell.swift; sourceTree = "<group>"; };
		ECEEAD1A2ADA99C00045359D /* SNFeedPostHeaderTableViewCell.swift */ = {isa = PBXFileReference; lastKnownFileType = sourcecode.swift; path = SNFeedPostHeaderTableViewCell.swift; sourceTree = "<group>"; };
		ECEEAD1C2ADA9A0E0045359D /* SNFeedPostActionsTableViewCell.swift */ = {isa = PBXFileReference; lastKnownFileType = sourcecode.swift; path = SNFeedPostActionsTableViewCell.swift; sourceTree = "<group>"; };
		ECEEAD1E2ADA9A220045359D /* SNFeedPostGeneralTableViewCell.swift */ = {isa = PBXFileReference; lastKnownFileType = sourcecode.swift; path = SNFeedPostGeneralTableViewCell.swift; sourceTree = "<group>"; };
/* End PBXFileReference section */

/* Begin PBXFrameworksBuildPhase section */
		EC772EFF2AD4EA2200BB5F76 /* Frameworks */ = {
			isa = PBXFrameworksBuildPhase;
			buildActionMask = 2147483647;
			files = (
				EFC7438AAB4FDD4D56875EAD /* Pods_Social_Network_App.framework in Frameworks */,
			);
			runOnlyForDeploymentPostprocessing = 0;
		};
/* End PBXFrameworksBuildPhase section */

/* Begin PBXGroup section */
		2D81228391883AF967EEDD26 /* Pods */ = {
			isa = PBXGroup;
			children = (
				CD399400D7D2E10181B61155 /* Pods-Social Network App.debug.xcconfig */,
				B5B88271CF3882A6195C43E1 /* Pods-Social Network App.release.xcconfig */,
			);
			path = Pods;
			sourceTree = "<group>";
		};
		6C46FDB4C6FBBD34E67D36B5 /* Frameworks */ = {
			isa = PBXGroup;
			children = (
				6B759B95C98AED46899E7E4F /* Pods_Social_Network_App.framework */,
			);
			name = Frameworks;
			sourceTree = "<group>";
		};
		EC0D7A152AE92DF2008A129C /* Notification */ = {
			isa = PBXGroup;
			children = (
				EC0D7A162AE92F05008A129C /* NotificatonFollowEventTableViewCell.swift */,
				EC0D7A182AE92F1A008A129C /* NotificatonLikeEventTableViewCell.swift */,
			);
			path = Notification;
			sourceTree = "<group>";
		};
		EC772EF92AD4EA2200BB5F76 = {
			isa = PBXGroup;
			children = (
				EC772F042AD4EA2200BB5F76 /* Social Network App */,
				EC772F032AD4EA2200BB5F76 /* Products */,
				2D81228391883AF967EEDD26 /* Pods */,
				6C46FDB4C6FBBD34E67D36B5 /* Frameworks */,
			);
			sourceTree = "<group>";
		};
		EC772F032AD4EA2200BB5F76 /* Products */ = {
			isa = PBXGroup;
			children = (
				EC772F022AD4EA2200BB5F76 /* Social Network App.app */,
			);
			name = Products;
			sourceTree = "<group>";
		};
		EC772F042AD4EA2200BB5F76 /* Social Network App */ = {
			isa = PBXGroup;
			children = (
				EC772F1F2AD4EAB200BB5F76 /* Resoures */,
				EC772F052AD4EA2200BB5F76 /* AppDelegate.swift */,
				EC8ADDD02AD501D100292060 /* DatabaseManager.swift */,
				EC8ADDD42AD503A000292060 /* StorageManager.swift */,
				EC8ADDD22AD5034D00292060 /* AuthManager.swift */,
				EC772F072AD4EA2200BB5F76 /* SceneDelegate.swift */,
				EC762FB42AD647DF00A54ECF /* Extensions.swift */,
				ECB54F912AD4F8D6002947FA /* GoogleService-Info.plist */,
				EC772F1C2AD4EA9A00BB5F76 /* Controller */,
				EC772F1E2AD4EAA800BB5F76 /* Models */,
				EC772F1D2AD4EAA200BB5F76 /* View */,
				EC772F162AD4EA2300BB5F76 /* Info.plist */,
				EC772F0E2AD4EA2200BB5F76 /* Social_Network_App.xcdatamodeld */,
			);
			path = "Social Network App";
			sourceTree = "<group>";
		};
		EC772F1C2AD4EA9A00BB5F76 /* Controller */ = {
			isa = PBXGroup;
			children = (
				EC772F2B2AD4EDDB00BB5F76 /* Orther */,
				EC772F2A2AD4EBE400BB5F76 /* Core */,
			);
			path = Controller;
			sourceTree = "<group>";
		};
		EC772F1D2AD4EAA200BB5F76 /* View */ = {
			isa = PBXGroup;
			children = (
				EC0D7A132AE8CF92008A129C /* NoNotificationView.swift */,
				EC864C0E2AE12CBE00ED3D5B /* CollectionView header */,
				EC772F112AD4EA2300BB5F76 /* Assets.xcassets */,
				ECEEAD162ADA93EE0045359D /* Cells */,
				EC772F212AD4EB1A00BB5F76 /* Storyboards */,
			);
			path = View;
			sourceTree = "<group>";
		};
		EC772F1E2AD4EAA800BB5F76 /* Models */ = {
			isa = PBXGroup;
			children = (
				EC0760A42AE233A5004B8CEE /* Models.swift */,
			);
			path = Models;
			sourceTree = "<group>";
		};
		EC772F1F2AD4EAB200BB5F76 /* Resoures */ = {
			isa = PBXGroup;
			children = (
			);
			path = Resoures;
			sourceTree = "<group>";
		};
		EC772F212AD4EB1A00BB5F76 /* Storyboards */ = {
			isa = PBXGroup;
			children = (
				EC772F0B2AD4EA2200BB5F76 /* Main.storyboard */,
				EC772F132AD4EA2300BB5F76 /* LaunchScreen.storyboard */,
			);
			path = Storyboards;
			sourceTree = "<group>";
		};
		EC772F2A2AD4EBE400BB5F76 /* Core */ = {
			isa = PBXGroup;
			children = (
				EC772F092AD4EA2200BB5F76 /* HomeViewController.swift */,
				EC772F222AD4EB8700BB5F76 /* ExploreViewController.swift */,
				EC772F242AD4EBA000BB5F76 /* CameraViewController.swift */,
				EC772F262AD4EBC600BB5F76 /* NotificationViewController.swift */,
				EC772F282AD4EBD400BB5F76 /* ProfileViewController.swift */,
			);
			path = Core;
			sourceTree = "<group>";
		};
		EC772F2B2AD4EDDB00BB5F76 /* Orther */ = {
			isa = PBXGroup;
			children = (
				ECB54F932AD4FD12002947FA /* General */,
				EC772F322AD4EE2C00BB5F76 /* Onboarding */,
			);
			path = Orther;
			sourceTree = "<group>";
		};
		EC772F322AD4EE2C00BB5F76 /* Onboarding */ = {
			isa = PBXGroup;
			children = (
				EC772F302AD4EE2500BB5F76 /* LoginViewController.swift */,
				EC772F2E2AD4EE1900BB5F76 /* RegistrationViewController.swift */,
			);
			path = Onboarding;
			sourceTree = "<group>";
		};
		EC864C0E2AE12CBE00ED3D5B /* CollectionView header */ = {
			isa = PBXGroup;
			children = (
				EC864C112AE12D9200ED3D5B /* ProfileInfoHeaderCollectionReusableView.swift */,
				EC864C132AE12DB500ED3D5B /* ProfileTabsCollectionReusableView.swift */,
			);
			path = "CollectionView header";
			sourceTree = "<group>";
		};
		ECB54F932AD4FD12002947FA /* General */ = {
			isa = PBXGroup;
			children = (
				EC772F332AD4EE5E00BB5F76 /* PostViewController.swift */,
				EC772F352AD4EE8C00BB5F76 /* EditProfileViewController.swift */,
				EC772F392AD4EEA300BB5F76 /* ListViewController.swift */,
				EC772F372AD4EE9900BB5F76 /* SettingViewController.swift */,
				EC772F3B2AD4EEB700BB5F76 /* SearchViewController.swift */,
				EC772F3D2AD4EECF00BB5F76 /* SearchResultViewController.swift */,
				EC772F3F2AD4EEFB00BB5F76 /* PostEditorViewController.swift */,
				EC772F412AD4EF1600BB5F76 /* PublishPostViewController.swift */,
			);
			path = General;
			sourceTree = "<group>";
		};
		ECEEAD162ADA93EE0045359D /* Cells */ = {
			isa = PBXGroup;
			children = (
				EC0D7A152AE92DF2008A129C /* Notification */,
				EC864C0F2AE12D1900ED3D5B /* PhotoCollectionViewCell.swift */,
				EC0D7A0F2AE66E7E008A129C /* UserFollowTableViewCell.swift */,
				EC81FAA22AE0DC440008D3E1 /* FromTableViewCell.swift */,
				ECEEAD192ADA999B0045359D /* Hone Feed */,
			);
			path = Cells;
			sourceTree = "<group>";
		};
		ECEEAD192ADA999B0045359D /* Hone Feed */ = {
			isa = PBXGroup;
			children = (
				ECEEAD1A2ADA99C00045359D /* SNFeedPostHeaderTableViewCell.swift */,
				ECEEAD172ADA94190045359D /* SNFeedPostTableViewCell.swift */,
				ECEEAD1C2ADA9A0E0045359D /* SNFeedPostActionsTableViewCell.swift */,
				ECEEAD1E2ADA9A220045359D /* SNFeedPostGeneralTableViewCell.swift */,
			);
			path = "Hone Feed";
			sourceTree = "<group>";
		};
/* End PBXGroup section */

/* Begin PBXNativeTarget section */
		EC772F012AD4EA2200BB5F76 /* Social Network App */ = {
			isa = PBXNativeTarget;
			buildConfigurationList = EC772F192AD4EA2300BB5F76 /* Build configuration list for PBXNativeTarget "Social Network App" */;
			buildPhases = (
				C9AB77989D72B7FCE12AA812 /* [CP] Check Pods Manifest.lock */,
				EC772EFE2AD4EA2200BB5F76 /* Sources */,
				EC772EFF2AD4EA2200BB5F76 /* Frameworks */,
				EC772F002AD4EA2200BB5F76 /* Resources */,
				1145E4AF94257582C8375D2D /* [CP] Embed Pods Frameworks */,
			);
			buildRules = (
			);
			dependencies = (
			);
			name = "Social Network App";
			productName = "Social Network App";
			productReference = EC772F022AD4EA2200BB5F76 /* Social Network App.app */;
			productType = "com.apple.product-type.application";
		};
/* End PBXNativeTarget section */

/* Begin PBXProject section */
		EC772EFA2AD4EA2200BB5F76 /* Project object */ = {
			isa = PBXProject;
			attributes = {
				BuildIndependentTargetsInParallel = 1;
				LastSwiftUpdateCheck = 1430;
				LastUpgradeCheck = 1430;
				TargetAttributes = {
					EC772F012AD4EA2200BB5F76 = {
						CreatedOnToolsVersion = 14.3.1;
					};
				};
			};
			buildConfigurationList = EC772EFD2AD4EA2200BB5F76 /* Build configuration list for PBXProject "Social Network App" */;
			compatibilityVersion = "Xcode 13.0";
			developmentRegion = en;
			hasScannedForEncodings = 0;
			knownRegions = (
				en,
				Base,
			);
			mainGroup = EC772EF92AD4EA2200BB5F76;
			productRefGroup = EC772F032AD4EA2200BB5F76 /* Products */;
			projectDirPath = "";
			projectRoot = "";
			targets = (
				EC772F012AD4EA2200BB5F76 /* Social Network App */,
			);
		};
/* End PBXProject section */

/* Begin PBXResourcesBuildPhase section */
		EC772F002AD4EA2200BB5F76 /* Resources */ = {
			isa = PBXResourcesBuildPhase;
			buildActionMask = 2147483647;
			files = (
				ECB54F922AD4F8D6002947FA /* GoogleService-Info.plist in Resources */,
				EC772F152AD4EA2300BB5F76 /* LaunchScreen.storyboard in Resources */,
				EC772F122AD4EA2300BB5F76 /* Assets.xcassets in Resources */,
				EC772F0D2AD4EA2200BB5F76 /* Main.storyboard in Resources */,
			);
			runOnlyForDeploymentPostprocessing = 0;
		};
/* End PBXResourcesBuildPhase section */

/* Begin PBXShellScriptBuildPhase section */
		1145E4AF94257582C8375D2D /* [CP] Embed Pods Frameworks */ = {
			isa = PBXShellScriptBuildPhase;
			buildActionMask = 2147483647;
			files = (
			);
			inputFileListPaths = (
				"${PODS_ROOT}/Target Support Files/Pods-Social Network App/Pods-Social Network App-frameworks-${CONFIGURATION}-input-files.xcfilelist",
			);
			name = "[CP] Embed Pods Frameworks";
			outputFileListPaths = (
				"${PODS_ROOT}/Target Support Files/Pods-Social Network App/Pods-Social Network App-frameworks-${CONFIGURATION}-output-files.xcfilelist",
			);
			runOnlyForDeploymentPostprocessing = 0;
			shellPath = /bin/sh;
			shellScript = "\"${PODS_ROOT}/Target Support Files/Pods-Social Network App/Pods-Social Network App-frameworks.sh\"\n";
			showEnvVarsInLog = 0;
		};
		C9AB77989D72B7FCE12AA812 /* [CP] Check Pods Manifest.lock */ = {
			isa = PBXShellScriptBuildPhase;
			buildActionMask = 2147483647;
			files = (
			);
			inputFileListPaths = (
			);
			inputPaths = (
				"${PODS_PODFILE_DIR_PATH}/Podfile.lock",
				"${PODS_ROOT}/Manifest.lock",
			);
			name = "[CP] Check Pods Manifest.lock";
			outputFileListPaths = (
			);
			outputPaths = (
				"$(DERIVED_FILE_DIR)/Pods-Social Network App-checkManifestLockResult.txt",
			);
			runOnlyForDeploymentPostprocessing = 0;
			shellPath = /bin/sh;
			shellScript = "diff \"${PODS_PODFILE_DIR_PATH}/Podfile.lock\" \"${PODS_ROOT}/Manifest.lock\" > /dev/null\nif [ $? != 0 ] ; then\n    # print error to STDERR\n    echo \"error: The sandbox is not in sync with the Podfile.lock. Run 'pod install' or update your CocoaPods installation.\" >&2\n    exit 1\nfi\n# This output is used by Xcode 'outputs' to avoid re-running this script phase.\necho \"SUCCESS\" > \"${SCRIPT_OUTPUT_FILE_0}\"\n";
			showEnvVarsInLog = 0;
		};
/* End PBXShellScriptBuildPhase section */

/* Begin PBXSourcesBuildPhase section */
		EC772EFE2AD4EA2200BB5F76 /* Sources */ = {
			isa = PBXSourcesBuildPhase;
			buildActionMask = 2147483647;
			files = (
				EC772F3C2AD4EEB700BB5F76 /* SearchViewController.swift in Sources */,
				EC772F0A2AD4EA2200BB5F76 /* HomeViewController.swift in Sources */,
				ECEEAD1D2ADA9A0E0045359D /* SNFeedPostActionsTableViewCell.swift in Sources */,
				EC772F062AD4EA2200BB5F76 /* AppDelegate.swift in Sources */,
				EC8ADDD52AD503A000292060 /* StorageManager.swift in Sources */,
				EC0D7A142AE8CF92008A129C /* NoNotificationView.swift in Sources */,
				ECEEAD1F2ADA9A220045359D /* SNFeedPostGeneralTableViewCell.swift in Sources */,
				EC772F232AD4EB8700BB5F76 /* ExploreViewController.swift in Sources */,
				EC772F402AD4EEFB00BB5F76 /* PostEditorViewController.swift in Sources */,
				EC772F382AD4EE9900BB5F76 /* SettingViewController.swift in Sources */,
				EC0D7A192AE92F1A008A129C /* NotificatonLikeEventTableViewCell.swift in Sources */,
				EC772F2F2AD4EE1900BB5F76 /* RegistrationViewController.swift in Sources */,
				EC772F272AD4EBC600BB5F76 /* NotificationViewController.swift in Sources */,
				EC0D7A172AE92F05008A129C /* NotificatonFollowEventTableViewCell.swift in Sources */,
				EC762FB52AD647DF00A54ECF /* Extensions.swift in Sources */,
				EC772F3A2AD4EEA300BB5F76 /* ListViewController.swift in Sources */,
				EC0D7A102AE66E7E008A129C /* UserFollowTableViewCell.swift in Sources */,
				EC8ADDD32AD5034D00292060 /* AuthManager.swift in Sources */,
				EC772F082AD4EA2200BB5F76 /* SceneDelegate.swift in Sources */,
				EC864C122AE12D9200ED3D5B /* ProfileInfoHeaderCollectionReusableView.swift in Sources */,
				EC772F422AD4EF1600BB5F76 /* PublishPostViewController.swift in Sources */,
				EC772F102AD4EA2200BB5F76 /* Social_Network_App.xcdatamodeld in Sources */,
				EC772F292AD4EBD400BB5F76 /* ProfileViewController.swift in Sources */,
				EC864C142AE12DB500ED3D5B /* ProfileTabsCollectionReusableView.swift in Sources */,
				EC772F362AD4EE8C00BB5F76 /* EditProfileViewController.swift in Sources */,
				EC8ADDD12AD501D200292060 /* DatabaseManager.swift in Sources */,
				ECEEAD182ADA94190045359D /* SNFeedPostTableViewCell.swift in Sources */,
				EC772F312AD4EE2500BB5F76 /* LoginViewController.swift in Sources */,
				EC0760A52AE233A5004B8CEE /* Models.swift in Sources */,
				EC772F252AD4EBA000BB5F76 /* CameraViewController.swift in Sources */,
				ECEEAD1B2ADA99C00045359D /* SNFeedPostHeaderTableViewCell.swift in Sources */,
				EC81FAA32AE0DC440008D3E1 /* FromTableViewCell.swift in Sources */,
				EC864C102AE12D1900ED3D5B /* PhotoCollectionViewCell.swift in Sources */,
				EC772F3E2AD4EECF00BB5F76 /* SearchResultViewController.swift in Sources */,
				EC772F342AD4EE5E00BB5F76 /* PostViewController.swift in Sources */,
			);
			runOnlyForDeploymentPostprocessing = 0;
		};
/* End PBXSourcesBuildPhase section */

/* Begin PBXVariantGroup section */
		EC772F0B2AD4EA2200BB5F76 /* Main.storyboard */ = {
			isa = PBXVariantGroup;
			children = (
				EC772F0C2AD4EA2200BB5F76 /* Base */,
			);
			name = Main.storyboard;
			sourceTree = "<group>";
		};
		EC772F132AD4EA2300BB5F76 /* LaunchScreen.storyboard */ = {
			isa = PBXVariantGroup;
			children = (
				EC772F142AD4EA2300BB5F76 /* Base */,
			);
			name = LaunchScreen.storyboard;
			sourceTree = "<group>";
		};
/* End PBXVariantGroup section */

/* Begin XCBuildConfiguration section */
		EC772F172AD4EA2300BB5F76 /* Debug */ = {
			isa = XCBuildConfiguration;
			buildSettings = {
				ALWAYS_SEARCH_USER_PATHS = NO;
				CLANG_ANALYZER_NONNULL = YES;
				CLANG_ANALYZER_NUMBER_OBJECT_CONVERSION = YES_AGGRESSIVE;
				CLANG_CXX_LANGUAGE_STANDARD = "gnu++20";
				CLANG_ENABLE_MODULES = YES;
				CLANG_ENABLE_OBJC_ARC = YES;
				CLANG_ENABLE_OBJC_WEAK = YES;
				CLANG_WARN_BLOCK_CAPTURE_AUTORELEASING = YES;
				CLANG_WARN_BOOL_CONVERSION = YES;
				CLANG_WARN_COMMA = YES;
				CLANG_WARN_CONSTANT_CONVERSION = YES;
				CLANG_WARN_DEPRECATED_OBJC_IMPLEMENTATIONS = YES;
				CLANG_WARN_DIRECT_OBJC_ISA_USAGE = YES_ERROR;
				CLANG_WARN_DOCUMENTATION_COMMENTS = YES;
				CLANG_WARN_EMPTY_BODY = YES;
				CLANG_WARN_ENUM_CONVERSION = YES;
				CLANG_WARN_INFINITE_RECURSION = YES;
				CLANG_WARN_INT_CONVERSION = YES;
				CLANG_WARN_NON_LITERAL_NULL_CONVERSION = YES;
				CLANG_WARN_OBJC_IMPLICIT_RETAIN_SELF = YES;
				CLANG_WARN_OBJC_LITERAL_CONVERSION = YES;
				CLANG_WARN_OBJC_ROOT_CLASS = YES_ERROR;
				CLANG_WARN_QUOTED_INCLUDE_IN_FRAMEWORK_HEADER = YES;
				CLANG_WARN_RANGE_LOOP_ANALYSIS = YES;
				CLANG_WARN_STRICT_PROTOTYPES = YES;
				CLANG_WARN_SUSPICIOUS_MOVE = YES;
				CLANG_WARN_UNGUARDED_AVAILABILITY = YES_AGGRESSIVE;
				CLANG_WARN_UNREACHABLE_CODE = YES;
				CLANG_WARN__DUPLICATE_METHOD_MATCH = YES;
				COPY_PHASE_STRIP = NO;
				DEBUG_INFORMATION_FORMAT = dwarf;
				ENABLE_STRICT_OBJC_MSGSEND = YES;
				ENABLE_TESTABILITY = YES;
				GCC_C_LANGUAGE_STANDARD = gnu11;
				GCC_DYNAMIC_NO_PIC = NO;
				GCC_NO_COMMON_BLOCKS = YES;
				GCC_OPTIMIZATION_LEVEL = 0;
				GCC_PREPROCESSOR_DEFINITIONS = (
					"DEBUG=1",
					"$(inherited)",
				);
				GCC_WARN_64_TO_32_BIT_CONVERSION = YES;
				GCC_WARN_ABOUT_RETURN_TYPE = YES_ERROR;
				GCC_WARN_UNDECLARED_SELECTOR = YES;
				GCC_WARN_UNINITIALIZED_AUTOS = YES_AGGRESSIVE;
				GCC_WARN_UNUSED_FUNCTION = YES;
				GCC_WARN_UNUSED_VARIABLE = YES;
				IPHONEOS_DEPLOYMENT_TARGET = 14.0;
				MTL_ENABLE_DEBUG_INFO = INCLUDE_SOURCE;
				MTL_FAST_MATH = YES;
				ONLY_ACTIVE_ARCH = YES;
				SDKROOT = iphoneos;
				SWIFT_ACTIVE_COMPILATION_CONDITIONS = DEBUG;
				SWIFT_OPTIMIZATION_LEVEL = "-Onone";
			};
			name = Debug;
		};
		EC772F182AD4EA2300BB5F76 /* Release */ = {
			isa = XCBuildConfiguration;
			buildSettings = {
				ALWAYS_SEARCH_USER_PATHS = NO;
				CLANG_ANALYZER_NONNULL = YES;
				CLANG_ANALYZER_NUMBER_OBJECT_CONVERSION = YES_AGGRESSIVE;
				CLANG_CXX_LANGUAGE_STANDARD = "gnu++20";
				CLANG_ENABLE_MODULES = YES;
				CLANG_ENABLE_OBJC_ARC = YES;
				CLANG_ENABLE_OBJC_WEAK = YES;
				CLANG_WARN_BLOCK_CAPTURE_AUTORELEASING = YES;
				CLANG_WARN_BOOL_CONVERSION = YES;
				CLANG_WARN_COMMA = YES;
				CLANG_WARN_CONSTANT_CONVERSION = YES;
				CLANG_WARN_DEPRECATED_OBJC_IMPLEMENTATIONS = YES;
				CLANG_WARN_DIRECT_OBJC_ISA_USAGE = YES_ERROR;
				CLANG_WARN_DOCUMENTATION_COMMENTS = YES;
				CLANG_WARN_EMPTY_BODY = YES;
				CLANG_WARN_ENUM_CONVERSION = YES;
				CLANG_WARN_INFINITE_RECURSION = YES;
				CLANG_WARN_INT_CONVERSION = YES;
				CLANG_WARN_NON_LITERAL_NULL_CONVERSION = YES;
				CLANG_WARN_OBJC_IMPLICIT_RETAIN_SELF = YES;
				CLANG_WARN_OBJC_LITERAL_CONVERSION = YES;
				CLANG_WARN_OBJC_ROOT_CLASS = YES_ERROR;
				CLANG_WARN_QUOTED_INCLUDE_IN_FRAMEWORK_HEADER = YES;
				CLANG_WARN_RANGE_LOOP_ANALYSIS = YES;
				CLANG_WARN_STRICT_PROTOTYPES = YES;
				CLANG_WARN_SUSPICIOUS_MOVE = YES;
				CLANG_WARN_UNGUARDED_AVAILABILITY = YES_AGGRESSIVE;
				CLANG_WARN_UNREACHABLE_CODE = YES;
				CLANG_WARN__DUPLICATE_METHOD_MATCH = YES;
				COPY_PHASE_STRIP = NO;
				DEBUG_INFORMATION_FORMAT = "dwarf-with-dsym";
				ENABLE_NS_ASSERTIONS = NO;
				ENABLE_STRICT_OBJC_MSGSEND = YES;
				GCC_C_LANGUAGE_STANDARD = gnu11;
				GCC_NO_COMMON_BLOCKS = YES;
				GCC_WARN_64_TO_32_BIT_CONVERSION = YES;
				GCC_WARN_ABOUT_RETURN_TYPE = YES_ERROR;
				GCC_WARN_UNDECLARED_SELECTOR = YES;
				GCC_WARN_UNINITIALIZED_AUTOS = YES_AGGRESSIVE;
				GCC_WARN_UNUSED_FUNCTION = YES;
				GCC_WARN_UNUSED_VARIABLE = YES;
				IPHONEOS_DEPLOYMENT_TARGET = 14.0;
				MTL_ENABLE_DEBUG_INFO = NO;
				MTL_FAST_MATH = YES;
				SDKROOT = iphoneos;
				SWIFT_COMPILATION_MODE = wholemodule;
				SWIFT_OPTIMIZATION_LEVEL = "-O";
				VALIDATE_PRODUCT = YES;
			};
			name = Release;
		};
		EC772F1A2AD4EA2300BB5F76 /* Debug */ = {
			isa = XCBuildConfiguration;
			baseConfigurationReference = CD399400D7D2E10181B61155 /* Pods-Social Network App.debug.xcconfig */;
			buildSettings = {
				ASSETCATALOG_COMPILER_APPICON_NAME = AppIcon;
				ASSETCATALOG_COMPILER_GLOBAL_ACCENT_COLOR_NAME = AccentColor;
				CODE_SIGN_STYLE = Automatic;
				CURRENT_PROJECT_VERSION = 1;
				GENERATE_INFOPLIST_FILE = YES;
				INFOPLIST_FILE = "Social Network App/Info.plist";
				INFOPLIST_KEY_UIApplicationSupportsIndirectInputEvents = YES;
				INFOPLIST_KEY_UILaunchStoryboardName = LaunchScreen;
				INFOPLIST_KEY_UIMainStoryboardFile = Main;
				INFOPLIST_KEY_UISupportedInterfaceOrientations = UIInterfaceOrientationPortrait;
				INFOPLIST_KEY_UISupportedInterfaceOrientations_iPad = "UIInterfaceOrientationLandscapeLeft UIInterfaceOrientationLandscapeRight UIInterfaceOrientationPortrait UIInterfaceOrientationPortraitUpsideDown";
				IPHONEOS_DEPLOYMENT_TARGET = 13.0;
				LD_RUNPATH_SEARCH_PATHS = (
					"$(inherited)",
					"@executable_path/Frameworks",
				);
				MARKETING_VERSION = 1.0;
				PRODUCT_BUNDLE_IDENTIFIER = "Ibossdemo.Social-Network-App";
				PRODUCT_NAME = "$(TARGET_NAME)";
				SWIFT_EMIT_LOC_STRINGS = YES;
				SWIFT_VERSION = 5.0;
				TARGETED_DEVICE_FAMILY = "1,2";
			};
			name = Debug;
		};
		EC772F1B2AD4EA2300BB5F76 /* Release */ = {
			isa = XCBuildConfiguration;
			baseConfigurationReference = B5B88271CF3882A6195C43E1 /* Pods-Social Network App.release.xcconfig */;
			buildSettings = {
				ASSETCATALOG_COMPILER_APPICON_NAME = AppIcon;
				ASSETCATALOG_COMPILER_GLOBAL_ACCENT_COLOR_NAME = AccentColor;
				CODE_SIGN_STYLE = Automatic;
				CURRENT_PROJECT_VERSION = 1;
				GENERATE_INFOPLIST_FILE = YES;
				INFOPLIST_FILE = "Social Network App/Info.plist";
				INFOPLIST_KEY_UIApplicationSupportsIndirectInputEvents = YES;
				INFOPLIST_KEY_UILaunchStoryboardName = LaunchScreen;
				INFOPLIST_KEY_UIMainStoryboardFile = Main;
				INFOPLIST_KEY_UISupportedInterfaceOrientations = UIInterfaceOrientationPortrait;
				INFOPLIST_KEY_UISupportedInterfaceOrientations_iPad = "UIInterfaceOrientationLandscapeLeft UIInterfaceOrientationLandscapeRight UIInterfaceOrientationPortrait UIInterfaceOrientationPortraitUpsideDown";
				IPHONEOS_DEPLOYMENT_TARGET = 13.0;
				LD_RUNPATH_SEARCH_PATHS = (
					"$(inherited)",
					"@executable_path/Frameworks",
				);
				MARKETING_VERSION = 1.0;
				PRODUCT_BUNDLE_IDENTIFIER = "Ibossdemo.Social-Network-App";
				PRODUCT_NAME = "$(TARGET_NAME)";
				SWIFT_EMIT_LOC_STRINGS = YES;
				SWIFT_VERSION = 5.0;
				TARGETED_DEVICE_FAMILY = "1,2";
			};
			name = Release;
		};
/* End XCBuildConfiguration section */

/* Begin XCConfigurationList section */
		EC772EFD2AD4EA2200BB5F76 /* Build configuration list for PBXProject "Social Network App" */ = {
			isa = XCConfigurationList;
			buildConfigurations = (
				EC772F172AD4EA2300BB5F76 /* Debug */,
				EC772F182AD4EA2300BB5F76 /* Release */,
			);
			defaultConfigurationIsVisible = 0;
			defaultConfigurationName = Release;
		};
		EC772F192AD4EA2300BB5F76 /* Build configuration list for PBXNativeTarget "Social Network App" */ = {
			isa = XCConfigurationList;
			buildConfigurations = (
				EC772F1A2AD4EA2300BB5F76 /* Debug */,
				EC772F1B2AD4EA2300BB5F76 /* Release */,
			);
			defaultConfigurationIsVisible = 0;
			defaultConfigurationName = Release;
		};
/* End XCConfigurationList section */

/* Begin XCVersionGroup section */
		EC772F0E2AD4EA2200BB5F76 /* Social_Network_App.xcdatamodeld */ = {
			isa = XCVersionGroup;
			children = (
				EC772F0F2AD4EA2200BB5F76 /* Social_Network_App.xcdatamodel */,
			);
			currentVersion = EC772F0F2AD4EA2200BB5F76 /* Social_Network_App.xcdatamodel */;
			path = Social_Network_App.xcdatamodeld;
			sourceTree = "<group>";
			versionGroupType = wrapper.xcdatamodel;
		};
/* End XCVersionGroup section */
	};
	rootObject = EC772EFA2AD4EA2200BB5F76 /* Project object */;
}
