// !$*UTF8*$!
{
	archiveVersion = 1;
	classes = {
	};
	objectVersion = 55;
	objects = {

/* Begin PBXBuildFile section */
		EC772F062AD4EA2200BB5F76 /* AppDelegate.swift in Sources */ = {isa = PBXBuildFile; fileRef = EC772F052AD4EA2200BB5F76 /* AppDelegate.swift */; };
		EC772F082AD4EA2200BB5F76 /* SceneDelegate.swift in Sources */ = {isa = PBXBuildFile; fileRef = EC772F072AD4EA2200BB5F76 /* SceneDelegate.swift */; };
		EC772F0A2AD4EA2200BB5F76 /* HomeViewController.swift in Sources */ = {isa = PBXBuildFile; fileRef = EC772F092AD4EA2200BB5F76 /* HomeViewController.swift */; };
		EC772F0D2AD4EA2200BB5F76 /* Main.storyboard in Resources */ = {isa = PBXBuildFile; fileRef = EC772F0B2AD4EA2200BB5F76 /* Main.storyboard */; };
		EC772F102AD4EA2200BB5F76 /* Social_Network_App.xcdatamodeld in Sources */ = {isa = PBXBuildFile; fileRef = EC772F0E2AD4EA2200BB5F76 /* Social_Network_App.xcdatamodeld */; };
		EC772F122AD4EA2300BB5F76 /* Assets.xcassets in Resources */ = {isa = PBXBuildFile; fileRef = EC772F112AD4EA2300BB5F76 /* Assets.xcassets */; };
		EC772F152AD4EA2300BB5F76 /* LaunchScreen.storyboard in Resources */ = {isa = PBXBuildFile; fileRef = EC772F132AD4EA2300BB5F76 /* LaunchScreen.storyboard */; };
		EC772F232AD4EB8700BB5F76 /* ExploreViewController.swift in Sources */ = {isa = PBXBuildFile; fileRef = EC772F222AD4EB8700BB5F76 /* ExploreViewController.swift */; };
		EC772F252AD4EBA000BB5F76 /* CameraViewController.swift in Sources */ = {isa = PBXBuildFile; fileRef = EC772F242AD4EBA000BB5F76 /* CameraViewController.swift */; };
		EC772F272AD4EBC600BB5F76 /* NotificationViewController.swift in Sources */ = {isa = PBXBuildFile; fileRef = EC772F262AD4EBC600BB5F76 /* NotificationViewController.swift */; };
		EC772F292AD4EBD400BB5F76 /* ProfileViewController.swift in Sources */ = {isa = PBXBuildFile; fileRef = EC772F282AD4EBD400BB5F76 /* ProfileViewController.swift */; };
		EC772F2F2AD4EE1900BB5F76 /* RegistrationViewController.swift in Sources */ = {isa = PBXBuildFile; fileRef = EC772F2E2AD4EE1900BB5F76 /* RegistrationViewController.swift */; };
		EC772F312AD4EE2500BB5F76 /* LoginViewController.swift in Sources */ = {isa = PBXBuildFile; fileRef = EC772F302AD4EE2500BB5F76 /* LoginViewController.swift */; };
		EC772F342AD4EE5E00BB5F76 /* PostViewController.swift in Sources */ = {isa = PBXBuildFile; fileRef = EC772F332AD4EE5E00BB5F76 /* PostViewController.swift */; };
		EC772F362AD4EE8C00BB5F76 /* EditProfileViewController.swift in Sources */ = {isa = PBXBuildFile; fileRef = EC772F352AD4EE8C00BB5F76 /* EditProfileViewController.swift */; };
		EC772F382AD4EE9900BB5F76 /* SettingViewController.swift in Sources */ = {isa = PBXBuildFile; fileRef = EC772F372AD4EE9900BB5F76 /* SettingViewController.swift */; };
		EC772F3A2AD4EEA300BB5F76 /* ListViewController.swift in Sources */ = {isa = PBXBuildFile; fileRef = EC772F392AD4EEA300BB5F76 /* ListViewController.swift */; };
		EC772F3C2AD4EEB700BB5F76 /* SearchViewController.swift in Sources */ = {isa = PBXBuildFile; fileRef = EC772F3B2AD4EEB700BB5F76 /* SearchViewController.swift */; };
		EC772F3E2AD4EECF00BB5F76 /* SearchResultViewController.swift in Sources */ = {isa = PBXBuildFile; fileRef = EC772F3D2AD4EECF00BB5F76 /* SearchResultViewController.swift */; };
		EC772F402AD4EEFB00BB5F76 /* PostEditorViewController.swift in Sources */ = {isa = PBXBuildFile; fileRef = EC772F3F2AD4EEFB00BB5F76 /* PostEditorViewController.swift */; };
		EC772F422AD4EF1600BB5F76 /* PublishPostViewController.swift in Sources */ = {isa = PBXBuildFile; fileRef = EC772F412AD4EF1600BB5F76 /* PublishPostViewController.swift */; };
/* End PBXBuildFile section */

/* Begin PBXFileReference section */
		EC772F022AD4EA2200BB5F76 /* Social Network App.app */ = {isa = PBXFileReference; explicitFileType = wrapper.application; includeInIndex = 0; path = "Social Network App.app"; sourceTree = BUILT_PRODUCTS_DIR; };
		EC772F052AD4EA2200BB5F76 /* AppDelegate.swift */ = {isa = PBXFileReference; lastKnownFileType = sourcecode.swift; path = AppDelegate.swift; sourceTree = "<group>"; };
		EC772F072AD4EA2200BB5F76 /* SceneDelegate.swift */ = {isa = PBXFileReference; lastKnownFileType = sourcecode.swift; path = SceneDelegate.swift; sourceTree = "<group>"; };
		EC772F092AD4EA2200BB5F76 /* HomeViewController.swift */ = {isa = PBXFileReference; lastKnownFileType = sourcecode.swift; path = HomeViewController.swift; sourceTree = "<group>"; };
		EC772F0C2AD4EA2200BB5F76 /* Base */ = {isa = PBXFileReference; lastKnownFileType = file.storyboard; name = Base; path = Base.lproj/Main.storyboard; sourceTree = "<group>"; };
		EC772F0F2AD4EA2200BB5F76 /* Social_Network_App.xcdatamodel */ = {isa = PBXFileReference; lastKnownFileType = wrapper.xcdatamodel; path = Social_Network_App.xcdatamodel; sourceTree = "<group>"; };
		EC772F112AD4EA2300BB5F76 /* Assets.xcassets */ = {isa = PBXFileReference; lastKnownFileType = folder.assetcatalog; path = Assets.xcassets; sourceTree = "<group>"; };
		EC772F142AD4EA2300BB5F76 /* Base */ = {isa = PBXFileReference; lastKnownFileType = file.storyboard; name = Base; path = Base.lproj/LaunchScreen.storyboard; sourceTree = "<group>"; };
		EC772F162AD4EA2300BB5F76 /* Info.plist */ = {isa = PBXFileReference; lastKnownFileType = text.plist.xml; path = Info.plist; sourceTree = "<group>"; };
		EC772F222AD4EB8700BB5F76 /* ExploreViewController.swift */ = {isa = PBXFileReference; lastKnownFileType = sourcecode.swift; path = ExploreViewController.swift; sourceTree = "<group>"; };
		EC772F242AD4EBA000BB5F76 /* CameraViewController.swift */ = {isa = PBXFileReference; lastKnownFileType = sourcecode.swift; path = CameraViewController.swift; sourceTree = "<group>"; };
		EC772F262AD4EBC600BB5F76 /* NotificationViewController.swift */ = {isa = PBXFileReference; lastKnownFileType = sourcecode.swift; path = NotificationViewController.swift; sourceTree = "<group>"; };
		EC772F282AD4EBD400BB5F76 /* ProfileViewController.swift */ = {isa = PBXFileReference; lastKnownFileType = sourcecode.swift; path = ProfileViewController.swift; sourceTree = "<group>"; };
		EC772F2E2AD4EE1900BB5F76 /* RegistrationViewController.swift */ = {isa = PBXFileReference; lastKnownFileType = sourcecode.swift; path = RegistrationViewController.swift; sourceTree = "<group>"; };
		EC772F302AD4EE2500BB5F76 /* LoginViewController.swift */ = {isa = PBXFileReference; lastKnownFileType = sourcecode.swift; path = LoginViewController.swift; sourceTree = "<group>"; };
		EC772F332AD4EE5E00BB5F76 /* PostViewController.swift */ = {isa = PBXFileReference; lastKnownFileType = sourcecode.swift; path = PostViewController.swift; sourceTree = "<group>"; };
		EC772F352AD4EE8C00BB5F76 /* EditProfileViewController.swift */ = {isa = PBXFileReference; lastKnownFileType = sourcecode.swift; path = EditProfileViewController.swift; sourceTree = "<group>"; };
		EC772F372AD4EE9900BB5F76 /* SettingViewController.swift */ = {isa = PBXFileReference; lastKnownFileType = sourcecode.swift; path = SettingViewController.swift; sourceTree = "<group>"; };
		EC772F392AD4EEA300BB5F76 /* ListViewController.swift */ = {isa = PBXFileReference; lastKnownFileType = sourcecode.swift; path = ListViewController.swift; sourceTree = "<group>"; };
		EC772F3B2AD4EEB700BB5F76 /* SearchViewController.swift */ = {isa = PBXFileReference; lastKnownFileType = sourcecode.swift; path = SearchViewController.swift; sourceTree = "<group>"; };
		EC772F3D2AD4EECF00BB5F76 /* SearchResultViewController.swift */ = {isa = PBXFileReference; lastKnownFileType = sourcecode.swift; path = SearchResultViewController.swift; sourceTree = "<group>"; };
		EC772F3F2AD4EEFB00BB5F76 /* PostEditorViewController.swift */ = {isa = PBXFileReference; lastKnownFileType = sourcecode.swift; path = PostEditorViewController.swift; sourceTree = "<group>"; };
		EC772F412AD4EF1600BB5F76 /* PublishPostViewController.swift */ = {isa = PBXFileReference; lastKnownFileType = sourcecode.swift; path = PublishPostViewController.swift; sourceTree = "<group>"; };
/* End PBXFileReference section */

/* Begin PBXFrameworksBuildPhase section */
		EC772EFF2AD4EA2200BB5F76 /* Frameworks */ = {
			isa = PBXFrameworksBuildPhase;
			buildActionMask = 2147483647;
			files = (
			);
			runOnlyForDeploymentPostprocessing = 0;
		};
/* End PBXFrameworksBuildPhase section */

/* Begin PBXGroup section */
		EC772EF92AD4EA2200BB5F76 = {
			isa = PBXGroup;
			children = (
				EC772F042AD4EA2200BB5F76 /* Social Network App */,
				EC772F032AD4EA2200BB5F76 /* Products */,
			);
			sourceTree = "<group>";
		};
		EC772F032AD4EA2200BB5F76 /* Products */ = {
			isa = PBXGroup;
			children = (
				EC772F022AD4EA2200BB5F76 /* Social Network App.app */,
			);
			name = Products;
			sourceTree = "<group>";
		};
		EC772F042AD4EA2200BB5F76 /* Social Network App */ = {
			isa = PBXGroup;
			children = (
				EC772F1F2AD4EAB200BB5F76 /* Resoures */,
				EC772F052AD4EA2200BB5F76 /* AppDelegate.swift */,
				EC772F072AD4EA2200BB5F76 /* SceneDelegate.swift */,
				EC772F1C2AD4EA9A00BB5F76 /* Controller */,
				EC772F1E2AD4EAA800BB5F76 /* Models */,
				EC772F1D2AD4EAA200BB5F76 /* View */,
				EC772F112AD4EA2300BB5F76 /* Assets.xcassets */,
				EC772F162AD4EA2300BB5F76 /* Info.plist */,
				EC772F0E2AD4EA2200BB5F76 /* Social_Network_App.xcdatamodeld */,
			);
			path = "Social Network App";
			sourceTree = "<group>";
		};
		EC772F1C2AD4EA9A00BB5F76 /* Controller */ = {
			isa = PBXGroup;
			children = (
				EC772F2B2AD4EDDB00BB5F76 /* Orther */,
				EC772F2A2AD4EBE400BB5F76 /* Core */,
			);
			path = Controller;
			sourceTree = "<group>";
		};
		EC772F1D2AD4EAA200BB5F76 /* View */ = {
			isa = PBXGroup;
			children = (
				EC772F212AD4EB1A00BB5F76 /* Storyboards */,
			);
			path = View;
			sourceTree = "<group>";
		};
		EC772F1E2AD4EAA800BB5F76 /* Models */ = {
			isa = PBXGroup;
			children = (
			);
			path = Models;
			sourceTree = "<group>";
		};
		EC772F1F2AD4EAB200BB5F76 /* Resoures */ = {
			isa = PBXGroup;
			children = (
			);
			path = Resoures;
			sourceTree = "<group>";
		};
		EC772F212AD4EB1A00BB5F76 /* Storyboards */ = {
			isa = PBXGroup;
			children = (
				EC772F0B2AD4EA2200BB5F76 /* Main.storyboard */,
				EC772F132AD4EA2300BB5F76 /* LaunchScreen.storyboard */,
			);
			path = Storyboards;
			sourceTree = "<group>";
		};
		EC772F2A2AD4EBE400BB5F76 /* Core */ = {
			isa = PBXGroup;
			children = (
				EC772F092AD4EA2200BB5F76 /* HomeViewController.swift */,
				EC772F222AD4EB8700BB5F76 /* ExploreViewController.swift */,
				EC772F242AD4EBA000BB5F76 /* CameraViewController.swift */,
				EC772F262AD4EBC600BB5F76 /* NotificationViewController.swift */,
				EC772F282AD4EBD400BB5F76 /* ProfileViewController.swift */,
			);
			path = Core;
			sourceTree = "<group>";
		};
		EC772F2B2AD4EDDB00BB5F76 /* Orther */ = {
			isa = PBXGroup;
			children = (
				EC772F332AD4EE5E00BB5F76 /* PostViewController.swift */,
				EC772F352AD4EE8C00BB5F76 /* EditProfileViewController.swift */,
				EC772F392AD4EEA300BB5F76 /* ListViewController.swift */,
				EC772F372AD4EE9900BB5F76 /* SettingViewController.swift */,
				EC772F3B2AD4EEB700BB5F76 /* SearchViewController.swift */,
				EC772F3D2AD4EECF00BB5F76 /* SearchResultViewController.swift */,
				EC772F3F2AD4EEFB00BB5F76 /* PostEditorViewController.swift */,
				EC772F412AD4EF1600BB5F76 /* PublishPostViewController.swift */,
				EC772F322AD4EE2C00BB5F76 /* Onboarding */,
			);
			path = Orther;
			sourceTree = "<group>";
		};
		EC772F322AD4EE2C00BB5F76 /* Onboarding */ = {
			isa = PBXGroup;
			children = (
				EC772F302AD4EE2500BB5F76 /* LoginViewController.swift */,
				EC772F2E2AD4EE1900BB5F76 /* RegistrationViewController.swift */,
			);
			path = Onboarding;
			sourceTree = "<group>";
		};
/* End PBXGroup section */

/* Begin PBXNativeTarget section */
		EC772F012AD4EA2200BB5F76 /* Social Network App */ = {
			isa = PBXNativeTarget;
			buildConfigurationList = EC772F192AD4EA2300BB5F76 /* Build configuration list for PBXNativeTarget "Social Network App" */;
			buildPhases = (
				EC772EFE2AD4EA2200BB5F76 /* Sources */,
				EC772EFF2AD4EA2200BB5F76 /* Frameworks */,
				EC772F002AD4EA2200BB5F76 /* Resources */,
			);
			buildRules = (
			);
			dependencies = (
			);
			name = "Social Network App";
			productName = "Social Network App";
			productReference = EC772F022AD4EA2200BB5F76 /* Social Network App.app */;
			productType = "com.apple.product-type.application";
		};
/* End PBXNativeTarget section */

/* Begin PBXProject section */
		EC772EFA2AD4EA2200BB5F76 /* Project object */ = {
			isa = PBXProject;
			attributes = {
				BuildIndependentTargetsInParallel = 1;
				LastSwiftUpdateCheck = 1430;
				LastUpgradeCheck = 1430;
				TargetAttributes = {
					EC772F012AD4EA2200BB5F76 = {
						CreatedOnToolsVersion = 14.3.1;
					};
				};
			};
			buildConfigurationList = EC772EFD2AD4EA2200BB5F76 /* Build configuration list for PBXProject "Social Network App" */;
			compatibilityVersion = "Xcode 13.0";
			developmentRegion = en;
			hasScannedForEncodings = 0;
			knownRegions = (
				en,
				Base,
			);
			mainGroup = EC772EF92AD4EA2200BB5F76;
			productRefGroup = EC772F032AD4EA2200BB5F76 /* Products */;
			projectDirPath = "";
			projectRoot = "";
			targets = (
				EC772F012AD4EA2200BB5F76 /* Social Network App */,
			);
		};
/* End PBXProject section */

/* Begin PBXResourcesBuildPhase section */
		EC772F002AD4EA2200BB5F76 /* Resources */ = {
			isa = PBXResourcesBuildPhase;
			buildActionMask = 2147483647;
			files = (
				EC772F152AD4EA2300BB5F76 /* LaunchScreen.storyboard in Resources */,
				EC772F122AD4EA2300BB5F76 /* Assets.xcassets in Resources */,
				EC772F0D2AD4EA2200BB5F76 /* Main.storyboard in Resources */,
			);
			runOnlyForDeploymentPostprocessing = 0;
		};
/* End PBXResourcesBuildPhase section */

/* Begin PBXSourcesBuildPhase section */
		EC772EFE2AD4EA2200BB5F76 /* Sources */ = {
			isa = PBXSourcesBuildPhase;
			buildActionMask = 2147483647;
			files = (
				EC772F3C2AD4EEB700BB5F76 /* SearchViewController.swift in Sources */,
				EC772F0A2AD4EA2200BB5F76 /* HomeViewController.swift in Sources */,
				EC772F062AD4EA2200BB5F76 /* AppDelegate.swift in Sources */,
				EC772F232AD4EB8700BB5F76 /* ExploreViewController.swift in Sources */,
				EC772F402AD4EEFB00BB5F76 /* PostEditorViewController.swift in Sources */,
				EC772F382AD4EE9900BB5F76 /* SettingViewController.swift in Sources */,
				EC772F2F2AD4EE1900BB5F76 /* RegistrationViewController.swift in Sources */,
				EC772F272AD4EBC600BB5F76 /* NotificationViewController.swift in Sources */,
				EC772F3A2AD4EEA300BB5F76 /* ListViewController.swift in Sources */,
				EC772F082AD4EA2200BB5F76 /* SceneDelegate.swift in Sources */,
				EC772F422AD4EF1600BB5F76 /* PublishPostViewController.swift in Sources */,
				EC772F102AD4EA2200BB5F76 /* Social_Network_App.xcdatamodeld in Sources */,
				EC772F292AD4EBD400BB5F76 /* ProfileViewController.swift in Sources */,
				EC772F362AD4EE8C00BB5F76 /* EditProfileViewController.swift in Sources */,
				EC772F312AD4EE2500BB5F76 /* LoginViewController.swift in Sources */,
				EC772F252AD4EBA000BB5F76 /* CameraViewController.swift in Sources */,
				EC772F3E2AD4EECF00BB5F76 /* SearchResultViewController.swift in Sources */,
				EC772F342AD4EE5E00BB5F76 /* PostViewController.swift in Sources */,
			);
			runOnlyForDeploymentPostprocessing = 0;
		};
/* End PBXSourcesBuildPhase section */

/* Begin PBXVariantGroup section */
		EC772F0B2AD4EA2200BB5F76 /* Main.storyboard */ = {
			isa = PBXVariantGroup;
			children = (
				EC772F0C2AD4EA2200BB5F76 /* Base */,
			);
			name = Main.storyboard;
			sourceTree = "<group>";
		};
		EC772F132AD4EA2300BB5F76 /* LaunchScreen.storyboard */ = {
			isa = PBXVariantGroup;
			children = (
				EC772F142AD4EA2300BB5F76 /* Base */,
			);
			name = LaunchScreen.storyboard;
			sourceTree = "<group>";
		};
/* End PBXVariantGroup section */

/* Begin XCBuildConfiguration section */
		EC772F172AD4EA2300BB5F76 /* Debug */ = {
			isa = XCBuildConfiguration;
			buildSettings = {
				ALWAYS_SEARCH_USER_PATHS = NO;
				CLANG_ANALYZER_NONNULL = YES;
				CLANG_ANALYZER_NUMBER_OBJECT_CONVERSION = YES_AGGRESSIVE;
				CLANG_CXX_LANGUAGE_STANDARD = "gnu++20";
				CLANG_ENABLE_MODULES = YES;
				CLANG_ENABLE_OBJC_ARC = YES;
				CLANG_ENABLE_OBJC_WEAK = YES;
				CLANG_WARN_BLOCK_CAPTURE_AUTORELEASING = YES;
				CLANG_WARN_BOOL_CONVERSION = YES;
				CLANG_WARN_COMMA = YES;
				CLANG_WARN_CONSTANT_CONVERSION = YES;
				CLANG_WARN_DEPRECATED_OBJC_IMPLEMENTATIONS = YES;
				CLANG_WARN_DIRECT_OBJC_ISA_USAGE = YES_ERROR;
				CLANG_WARN_DOCUMENTATION_COMMENTS = YES;
				CLANG_WARN_EMPTY_BODY = YES;
				CLANG_WARN_ENUM_CONVERSION = YES;
				CLANG_WARN_INFINITE_RECURSION = YES;
				CLANG_WARN_INT_CONVERSION = YES;
				CLANG_WARN_NON_LITERAL_NULL_CONVERSION = YES;
				CLANG_WARN_OBJC_IMPLICIT_RETAIN_SELF = YES;
				CLANG_WARN_OBJC_LITERAL_CONVERSION = YES;
				CLANG_WARN_OBJC_ROOT_CLASS = YES_ERROR;
				CLANG_WARN_QUOTED_INCLUDE_IN_FRAMEWORK_HEADER = YES;
				CLANG_WARN_RANGE_LOOP_ANALYSIS = YES;
				CLANG_WARN_STRICT_PROTOTYPES = YES;
				CLANG_WARN_SUSPICIOUS_MOVE = YES;
				CLANG_WARN_UNGUARDED_AVAILABILITY = YES_AGGRESSIVE;
				CLANG_WARN_UNREACHABLE_CODE = YES;
				CLANG_WARN__DUPLICATE_METHOD_MATCH = YES;
				COPY_PHASE_STRIP = NO;
				DEBUG_INFORMATION_FORMAT = dwarf;
				ENABLE_STRICT_OBJC_MSGSEND = YES;
				ENABLE_TESTABILITY = YES;
				GCC_C_LANGUAGE_STANDARD = gnu11;
				GCC_DYNAMIC_NO_PIC = NO;
				GCC_NO_COMMON_BLOCKS = YES;
				GCC_OPTIMIZATION_LEVEL = 0;
				GCC_PREPROCESSOR_DEFINITIONS = (
					"DEBUG=1",
					"$(inherited)",
				);
				GCC_WARN_64_TO_32_BIT_CONVERSION = YES;
				GCC_WARN_ABOUT_RETURN_TYPE = YES_ERROR;
				GCC_WARN_UNDECLARED_SELECTOR = YES;
				GCC_WARN_UNINITIALIZED_AUTOS = YES_AGGRESSIVE;
				GCC_WARN_UNUSED_FUNCTION = YES;
				GCC_WARN_UNUSED_VARIABLE = YES;
				IPHONEOS_DEPLOYMENT_TARGET = 16.4;
				MTL_ENABLE_DEBUG_INFO = INCLUDE_SOURCE;
				MTL_FAST_MATH = YES;
				ONLY_ACTIVE_ARCH = YES;
				SDKROOT = iphoneos;
				SWIFT_ACTIVE_COMPILATION_CONDITIONS = DEBUG;
				SWIFT_OPTIMIZATION_LEVEL = "-Onone";
			};
			name = Debug;
		};
		EC772F182AD4EA2300BB5F76 /* Release */ = {
			isa = XCBuildConfiguration;
			buildSettings = {
				ALWAYS_SEARCH_USER_PATHS = NO;
				CLANG_ANALYZER_NONNULL = YES;
				CLANG_ANALYZER_NUMBER_OBJECT_CONVERSION = YES_AGGRESSIVE;
				CLANG_CXX_LANGUAGE_STANDARD = "gnu++20";
				CLANG_ENABLE_MODULES = YES;
				CLANG_ENABLE_OBJC_ARC = YES;
				CLANG_ENABLE_OBJC_WEAK = YES;
				CLANG_WARN_BLOCK_CAPTURE_AUTORELEASING = YES;
				CLANG_WARN_BOOL_CONVERSION = YES;
				CLANG_WARN_COMMA = YES;
				CLANG_WARN_CONSTANT_CONVERSION = YES;
				CLANG_WARN_DEPRECATED_OBJC_IMPLEMENTATIONS = YES;
				CLANG_WARN_DIRECT_OBJC_ISA_USAGE = YES_ERROR;
				CLANG_WARN_DOCUMENTATION_COMMENTS = YES;
				CLANG_WARN_EMPTY_BODY = YES;
				CLANG_WARN_ENUM_CONVERSION = YES;
				CLANG_WARN_INFINITE_RECURSION = YES;
				CLANG_WARN_INT_CONVERSION = YES;
				CLANG_WARN_NON_LITERAL_NULL_CONVERSION = YES;
				CLANG_WARN_OBJC_IMPLICIT_RETAIN_SELF = YES;
				CLANG_WARN_OBJC_LITERAL_CONVERSION = YES;
				CLANG_WARN_OBJC_ROOT_CLASS = YES_ERROR;
				CLANG_WARN_QUOTED_INCLUDE_IN_FRAMEWORK_HEADER = YES;
				CLANG_WARN_RANGE_LOOP_ANALYSIS = YES;
				CLANG_WARN_STRICT_PROTOTYPES = YES;
				CLANG_WARN_SUSPICIOUS_MOVE = YES;
				CLANG_WARN_UNGUARDED_AVAILABILITY = YES_AGGRESSIVE;
				CLANG_WARN_UNREACHABLE_CODE = YES;
				CLANG_WARN__DUPLICATE_METHOD_MATCH = YES;
				COPY_PHASE_STRIP = NO;
				DEBUG_INFORMATION_FORMAT = "dwarf-with-dsym";
				ENABLE_NS_ASSERTIONS = NO;
				ENABLE_STRICT_OBJC_MSGSEND = YES;
				GCC_C_LANGUAGE_STANDARD = gnu11;
				GCC_NO_COMMON_BLOCKS = YES;
				GCC_WARN_64_TO_32_BIT_CONVERSION = YES;
				GCC_WARN_ABOUT_RETURN_TYPE = YES_ERROR;
				GCC_WARN_UNDECLARED_SELECTOR = YES;
				GCC_WARN_UNINITIALIZED_AUTOS = YES_AGGRESSIVE;
				GCC_WARN_UNUSED_FUNCTION = YES;
				GCC_WARN_UNUSED_VARIABLE = YES;
				IPHONEOS_DEPLOYMENT_TARGET = 16.4;
				MTL_ENABLE_DEBUG_INFO = NO;
				MTL_FAST_MATH = YES;
				SDKROOT = iphoneos;
				SWIFT_COMPILATION_MODE = wholemodule;
				SWIFT_OPTIMIZATION_LEVEL = "-O";
				VALIDATE_PRODUCT = YES;
			};
			name = Release;
		};
		EC772F1A2AD4EA2300BB5F76 /* Debug */ = {
			isa = XCBuildConfiguration;
			buildSettings = {
				ASSETCATALOG_COMPILER_APPICON_NAME = AppIcon;
				ASSETCATALOG_COMPILER_GLOBAL_ACCENT_COLOR_NAME = AccentColor;
				CODE_SIGN_STYLE = Automatic;
				CURRENT_PROJECT_VERSION = 1;
				GENERATE_INFOPLIST_FILE = YES;
				INFOPLIST_FILE = "Social Network App/Info.plist";
				INFOPLIST_KEY_UIApplicationSupportsIndirectInputEvents = YES;
				INFOPLIST_KEY_UILaunchStoryboardName = LaunchScreen;
				INFOPLIST_KEY_UIMainStoryboardFile = Main;
				INFOPLIST_KEY_UISupportedInterfaceOrientations_iPad = "UIInterfaceOrientationPortrait UIInterfaceOrientationPortraitUpsideDown UIInterfaceOrientationLandscapeLeft UIInterfaceOrientationLandscapeRight";
				INFOPLIST_KEY_UISupportedInterfaceOrientations_iPhone = "UIInterfaceOrientationPortrait UIInterfaceOrientationLandscapeLeft UIInterfaceOrientationLandscapeRight";
				IPHONEOS_DEPLOYMENT_TARGET = 14.0;
				LD_RUNPATH_SEARCH_PATHS = (
					"$(inherited)",
					"@executable_path/Frameworks",
				);
				MARKETING_VERSION = 1.0;
				PRODUCT_BUNDLE_IDENTIFIER = "Ibossdemo.Social-Network-App";
				PRODUCT_NAME = "$(TARGET_NAME)";
				SWIFT_EMIT_LOC_STRINGS = YES;
				SWIFT_VERSION = 5.0;
				TARGETED_DEVICE_FAMILY = "1,2";
			};
			name = Debug;
		};
		EC772F1B2AD4EA2300BB5F76 /* Release */ = {
			isa = XCBuildConfiguration;
			buildSettings = {
				ASSETCATALOG_COMPILER_APPICON_NAME = AppIcon;
				ASSETCATALOG_COMPILER_GLOBAL_ACCENT_COLOR_NAME = AccentColor;
				CODE_SIGN_STYLE = Automatic;
				CURRENT_PROJECT_VERSION = 1;
				GENERATE_INFOPLIST_FILE = YES;
				INFOPLIST_FILE = "Social Network App/Info.plist";
				INFOPLIST_KEY_UIApplicationSupportsIndirectInputEvents = YES;
				INFOPLIST_KEY_UILaunchStoryboardName = LaunchScreen;
				INFOPLIST_KEY_UIMainStoryboardFile = Main;
				INFOPLIST_KEY_UISupportedInterfaceOrientations_iPad = "UIInterfaceOrientationPortrait UIInterfaceOrientationPortraitUpsideDown UIInterfaceOrientationLandscapeLeft UIInterfaceOrientationLandscapeRight";
				INFOPLIST_KEY_UISupportedInterfaceOrientations_iPhone = "UIInterfaceOrientationPortrait UIInterfaceOrientationLandscapeLeft UIInterfaceOrientationLandscapeRight";
				IPHONEOS_DEPLOYMENT_TARGET = 14.0;
				LD_RUNPATH_SEARCH_PATHS = (
					"$(inherited)",
					"@executable_path/Frameworks",
				);
				MARKETING_VERSION = 1.0;
				PRODUCT_BUNDLE_IDENTIFIER = "Ibossdemo.Social-Network-App";
				PRODUCT_NAME = "$(TARGET_NAME)";
				SWIFT_EMIT_LOC_STRINGS = YES;
				SWIFT_VERSION = 5.0;
				TARGETED_DEVICE_FAMILY = "1,2";
			};
			name = Release;
		};
/* End XCBuildConfiguration section */

/* Begin XCConfigurationList section */
		EC772EFD2AD4EA2200BB5F76 /* Build configuration list for PBXProject "Social Network App" */ = {
			isa = XCConfigurationList;
			buildConfigurations = (
				EC772F172AD4EA2300BB5F76 /* Debug */,
				EC772F182AD4EA2300BB5F76 /* Release */,
			);
			defaultConfigurationIsVisible = 0;
			defaultConfigurationName = Release;
		};
		EC772F192AD4EA2300BB5F76 /* Build configuration list for PBXNativeTarget "Social Network App" */ = {
			isa = XCConfigurationList;
			buildConfigurations = (
				EC772F1A2AD4EA2300BB5F76 /* Debug */,
				EC772F1B2AD4EA2300BB5F76 /* Release */,
			);
			defaultConfigurationIsVisible = 0;
			defaultConfigurationName = Release;
		};
/* End XCConfigurationList section */

/* Begin XCVersionGroup section */
		EC772F0E2AD4EA2200BB5F76 /* Social_Network_App.xcdatamodeld */ = {
			isa = XCVersionGroup;
			children = (
				EC772F0F2AD4EA2200BB5F76 /* Social_Network_App.xcdatamodel */,
			);
			currentVersion = EC772F0F2AD4EA2200BB5F76 /* Social_Network_App.xcdatamodel */;
			path = Social_Network_App.xcdatamodeld;
			sourceTree = "<group>";
			versionGroupType = wrapper.xcdatamodel;
		};
/* End XCVersionGroup section */
	};
	rootObject = EC772EFA2AD4EA2200BB5F76 /* Project object */;
}
